
Microsoft Visual Studio Solution File, Format Version 12.00
# Visual Studio Version 17
VisualStudioVersion = 17.9.34622.214
MinimumVisualStudioVersion = 10.0.40219.1
Project("{FAE04EC0-301F-11D3-BF4B-00C04F79EFBC}") = "Projet SQL", "Projet SQL.csproj", "{304FD53B-E480-4842-BBA9-F3ABC5176298}"
EndProject
Global
	GlobalSection(SolutionConfigurationPlatforms) = preSolution
		Debug|Any CPU = Debug|Any CPU
		Release|Any CPU = Release|Any CPU
	EndGlobalSection
	GlobalSection(ProjectConfigurationPlatforms) = postSolution
		{304FD53B-E480-4842-BBA9-F3ABC5176298}.Debug|Any CPU.ActiveCfg = Debug|Any CPU
		{304FD53B-E480-4842-BBA9-F3ABC5176298}.Debug|Any CPU.Build.0 = Debug|Any CPU
		{304FD53B-E480-4842-BBA9-F3ABC5176298}.Release|Any CPU.ActiveCfg = Release|Any CPU
		{304FD53B-E480-4842-BBA9-F3ABC5176298}.Release|Any CPU.Build.0 = Release|Any CPU
	EndGlobalSection
	GlobalSection(SolutionProperties) = preSolution
		HideSolutionNode = FALSE
	EndGlobalSection
	GlobalSection(ExtensibilityGlobals) = postSolution
		SolutionGuid = {31CBF0EC-1816-42B1-91E3-5C681B20A137}
	EndGlobalSection
EndGlobal
